lockfileVersion: '9.0'

settings:
  autoInstallPeers: true
  excludeLinksFromLockfile: false

importers:

  .:
    dependencies:
      '@deepseek-ai/cordis':
        specifier: ^4.0.1
        version: 4.0.1
      markdown-it:
        specifier: 14.1.0
        version: 14.1.0
      pdfjs-dist:
        specifier: 4.10.38
        version: 4.10.38

packages:

  '@deepseek-ai/cordis@4.0.1':
    resolution: {integrity: sha512-YBdskTU2Po1kru3GgcUWUbkTsPMA9LkSQDAY8rBkFJeajdgcQad3QPJZE26JyK99Xb6HaASvoXg2DSUTeN/0Nw==}
    hasBin: true
    peerDependencies:
      '@deepseek-ai/cordis-plugin-include': ^1.0.6
      '@deepseek-ai/cordis-plugin-loader': ^1.0.2
    peerDependenciesMeta:
      '@deepseek-ai/cordis-plugin-include':
        optional: true
      '@deepseek-ai/cordis-plugin-loader':
        optional: true

  '@deepseek-ai/cosmokit@1.8.2':
    resolution: {integrity: sha512-muBOKtSrUKU5m/xpq8ZXWL6hQ/jgd4PhU2PqH97bcxIiLEJfNwZOGQEx4t/aS/GgxRAR+ra9pMHPMtTHU4sqqA==}

  '@napi-rs/canvas-android-arm64@0.1.100':
    resolution: {integrity: sha512-hjhCKhntPv9+t4ckHymdx0phYNcVW+GKQR6Lzw2zE+pOVjOplSmtx9nNNknTjbEDLcuLZqA1y8ufKg1XfgftzQ==}
    engines: {node: '>= 10'}
    cpu: [arm64]
    os: [android]

  '@napi-rs/canvas-darwin-arm64@0.1.100':
    resolution: {integrity: sha512-2PcswRaC7Ly645DGt88///zuFDhJxJYdKAs1uU3mfk1atYkXufgcgLfBpk6Tm12nCQBaNt1wpybuPZ4qOhTo8A==}
    engines: {node: '>= 10'}
    cpu: [arm64]
    os: [darwin]

  '@napi-rs/canvas-darwin-x64@0.1.100':
    resolution: {integrity: sha512-ePNZtj7pNIva/siZMg+HmbeozkIjqUIYdoymH8HaA3qK7LfzFN4WMBM8G6HQ9ZC+H3+Dnn5pqtiXpgLykaPOhw==}
    engines: {node: '>= 10'}
    cpu: [x64]
    os: [darwin]

  '@napi-rs/canvas-linux-arm-gnueabihf@0.1.100':
    resolution: {integrity: sha512-d5cDB48oWFGU8/XPhUOFAlySgb/VAu7D+s8fi55K1Pcfg8aPplHWqMgibhVLU8ky7Pyg/fuiVLz4Nf3JrSTuUA==}
    engines: {node: '>= 10'}
    cpu: [arm]
    os: [linux]

  '@napi-rs/canvas-linux-arm64-gnu@0.1.100':
    resolution: {integrity: sha512-rDxgxRu69RvDlX/bh9o22DxLsGr8EqsNgotL9+RwQE1S0b0cqeatqsw6aW45mukm0B42DIAaAacKaYQ8cqS1nw==}
    engines: {node: '>= 10'}
    cpu: [arm64]
    os: [linux]
    libc: [glibc]

  '@napi-rs/canvas-linux-arm64-musl@0.1.100':
    resolution: {integrity: sha512-K3mDW66N+xT2/V439u1alFANiBUjdEx2gLiNYnCmUsva5jZMxWTjafBYwTzYK+EMFMHrUoabuU+T1BIP5CgbYQ==}
    engines: {node: '>= 10'}
    cpu: [arm64]
    os: [linux]
    libc: [musl]

  '@napi-rs/canvas-linux-riscv64-gnu@0.1.100':
    resolution: {integrity: sha512-mooqUBTIsccZpnoQC4NgrC1v6C1vof39etLNMnBwCY+p0gajWJvAHLGQ6g/gGyS5YrpDW+GefSN4+Cvcr08UWw==}
    engines: {node: '>= 10'}
    cpu: [riscv64]
    os: [linux]
    libc: [glibc]

  '@napi-rs/canvas-linux-x64-gnu@0.1.100':
    resolution: {integrity: sha512-1eCvkDCazm7FFhsT7DfGOdSaHgZVK3bt/dSBl5EWHOWmnz+I7j8tPseJqqD81NF+MH21jKUK4wQSDjN0mdhnTg==}
    engines: {node: '>= 10'}
    cpu: [x64]
    os: [linux]
    libc: [glibc]

  '@napi-rs/canvas-linux-x64-musl@0.1.100':
    resolution: {integrity: sha512-20arT6lnI19S68qNlii73TSEDbECNgzMz2EpldC1V3mZFuRkeujXkcebRk0LRJe9SEUAooYiLokfMViY8IX7yA==}
    engines: {node: '>= 10'}
    cpu: [x64]
    os: [linux]
    libc: [musl]

  '@napi-rs/canvas-win32-arm64-msvc@0.1.100':
    resolution: {integrity: sha512-DZFFT1wIAg37LJw37yhMRFfjATd3vTQzjZ1Yki8u2vhO6Hi5VE6BVaGQ1aaDu7xb4iMErz+9EOwjpS7xcxFeBw==}
    engines: {node: '>= 10'}
    cpu: [arm64]
    os: [win32]

  '@napi-rs/canvas-win32-x64-msvc@0.1.100':
    resolution: {integrity: sha512-MyT1j3mHC2+Lu4pBi9mKyMJhtP6U7k7EldY7sj/uS5gJA65gTXt8MefJQXLJo5d/vZbuWmfxzkEUNc/urV3pHA==}
    engines: {node: '>= 10'}
    cpu: [x64]
    os: [win32]

  '@napi-rs/canvas@0.1.100':
    resolution: {integrity: sha512-xglYA6q3XO5P3BNJYxVZ1IV7DLVjp1Py6nwag88YntrS+3vKHyYcMqXVS4ZztJmwz2uGvz1FWhI/4LgbR5uQDA==}
    engines: {node: '>= 10'}

  '@standard-schema/spec@1.1.0':
    resolution: {integrity: sha512-l2aFy5jALhniG5HgqrD6jXLi/rUWrKvqN/qJx6yoJsgKhblVd+iqqU4RCXavm/jPityDo5TCvKMnpjKnOriy0w==}

  argparse@2.0.1:
    resolution: {integrity: sha512-8+9WqebbFzpX9OR+Wa6O29asIogeRMzcGtAINdpMHHyAg10f05aSFVBbcEqGf/PXw1EjAZ+q2/bEBg3DvurK3Q==}

  entities@4.5.0:
    resolution: {integrity: sha512-V0hjH4dGPh9Ao5p0MoRY6BVqtwCjhz6vI5LT8AJ55H+4g9/4vbHx1I54fS0XuclLhDHArPQCiMjDxjaL8fPxhw==}
    engines: {node: '>=0.12'}

  linkify-it@5.0.2:
    resolution: {integrity: sha512-ONTm2jCMAVZjgQa/Fy1kScXsuOoF5NPTsoFBdE1KVIZ2vAh/r9+Bqo+0jINCBYnavTPQZz38QzFTme79ENoN3Q==}

  markdown-it@14.1.0:
    resolution: {integrity: sha512-a54IwgWPaeBCAAsv13YgmALOF1elABB08FxO9i+r4VFk5Vl4pKokRPeX8u5TCgSsPi6ec1otfLjdOpVcgbpshg==}
    hasBin: true

  mdurl@2.1.0:
    resolution: {integrity: sha512-1+HBaOx0zi/dQWht8rNv9MYf9qqpqL/kxI0hXImU6Y547zM6Sni8BQibt7ifgMcYtQg41ao3Ivd6cnSM86inpg==}

  pdfjs-dist@4.10.38:
    resolution: {integrity: sha512-/Y3fcFrXEAsMjJXeL9J8+ZG9U01LbuWaYypvDW2ycW1jL269L3js3DVBjDJ0Up9Np1uqDXsDrRihHANhZOlwdQ==}
    engines: {node: '>=20'}

  punycode.js@2.3.1:
    resolution: {integrity: sha512-uxFIHU0YlHYhDQtV4R9J6a52SLx28BCjT+4ieh7IGbgwVJWO+km431c4yRlREUAsAmt/uMjQUyQHNEPf0M39CA==}
    engines: {node: '>=6'}

  uc.micro@2.1.0:
    resolution: {integrity: sha512-ARDJmphmdvUk6Glw7y9DQ2bFkKBHwQHLi2lsaH6PPmz/Ka9sFOBsBluozhDltWmnv9u/cF6Rt87znRTPV+yp/A==}

snapshots:

  '@deepseek-ai/cordis@4.0.1':
    dependencies:
      '@deepseek-ai/cosmokit': 1.8.2
      '@standard-schema/spec': 1.1.0

  '@deepseek-ai/cosmokit@1.8.2': {}

  '@napi-rs/canvas-android-arm64@0.1.100':
    optional: true

  '@napi-rs/canvas-darwin-arm64@0.1.100':
    optional: true

  '@napi-rs/canvas-darwin-x64@0.1.100':
    optional: true

  '@napi-rs/canvas-linux-arm-gnueabihf@0.1.100':
    optional: true

  '@napi-rs/canvas-linux-arm64-gnu@0.1.100':
    optional: true

  '@napi-rs/canvas-linux-arm64-musl@0.1.100':
    optional: true

  '@napi-rs/canvas-linux-riscv64-gnu@0.1.100':
    optional: true

  '@napi-rs/canvas-linux-x64-gnu@0.1.100':
    optional: true

  '@napi-rs/canvas-linux-x64-musl@0.1.100':
    optional: true

  '@napi-rs/canvas-win32-arm64-msvc@0.1.100':
    optional: true

  '@napi-rs/canvas-win32-x64-msvc@0.1.100':
    optional: true

  '@napi-rs/canvas@0.1.100':
    optionalDependencies:
      '@napi-rs/canvas-android-arm64': 0.1.100
      '@napi-rs/canvas-darwin-arm64': 0.1.100
      '@napi-rs/canvas-darwin-x64': 0.1.100
      '@napi-rs/canvas-linux-arm-gnueabihf': 0.1.100
      '@napi-rs/canvas-linux-arm64-gnu': 0.1.100
      '@napi-rs/canvas-linux-arm64-musl': 0.1.100
      '@napi-rs/canvas-linux-riscv64-gnu': 0.1.100
      '@napi-rs/canvas-linux-x64-gnu': 0.1.100
      '@napi-rs/canvas-linux-x64-musl': 0.1.100
      '@napi-rs/canvas-win32-arm64-msvc': 0.1.100
      '@napi-rs/canvas-win32-x64-msvc': 0.1.100
    optional: true

  '@standard-schema/spec@1.1.0': {}

  argparse@2.0.1: {}

  entities@4.5.0: {}

  linkify-it@5.0.2:
    dependencies:
      uc.micro: 2.1.0

  markdown-it@14.1.0:
    dependencies:
      argparse: 2.0.1
      entities: 4.5.0
      linkify-it: 5.0.2
      mdurl: 2.1.0
      punycode.js: 2.3.1
      uc.micro: 2.1.0

  mdurl@2.1.0: {}

  pdfjs-dist@4.10.38:
    optionalDependencies:
      '@napi-rs/canvas': 0.1.100

  punycode.js@2.3.1: {}

  uc.micro@2.1.0: {}
